
Microsoft Visual Studio Solution File, Format Version 12.00
# Visual Studio Version 16
VisualStudioVersion = 16.0.29409.12
MinimumVisualStudioVersion = 10.0.40219.1
Project("{FAE04EC0-301F-11D3-BF4B-00C04F79EFBC}") = "AoC2019", "AoC2019.csproj", "{CF9B3F19-D2AF-459A-8258-66A25CAFAA37}"
EndProject
Global
	GlobalSection(SolutionConfigurationPlatforms) = preSolution
		Debug|Any CPU = Debug|Any CPU
		Release|Any CPU = Release|Any CPU
	EndGlobalSection
	GlobalSection(ProjectConfigurationPlatforms) = postSolution
		{CF9B3F19-D2AF-459A-8258-66A25CAFAA37}.Debug|Any CPU.ActiveCfg = Debug|Any CPU
		{CF9B3F19-D2AF-459A-8258-66A25CAFAA37}.Debug|Any CPU.Build.0 = Debug|Any CPU
		{CF9B3F19-D2AF-459A-8258-66A25CAFAA37}.Release|Any CPU.ActiveCfg = Release|Any CPU
		{CF9B3F19-D2AF-459A-8258-66A25CAFAA37}.Release|Any CPU.Build.0 = Release|Any CPU
	EndGlobalSection
	GlobalSection(SolutionProperties) = preSolution
		HideSolutionNode = FALSE
	EndGlobalSection
	GlobalSection(ExtensibilityGlobals) = postSolution
		SolutionGuid = {F72A2501-F761-401E-9003-54ACFD53CC12}
	EndGlobalSection
EndGlobal
